
Microsoft Visual Studio Solution File, Format Version 12.00
# Visual Studio 15
VisualStudioVersion = 15.0.27130.2036
MinimumVisualStudioVersion = 10.0.40219.1
Project("{FAE04EC0-301F-11D3-BF4B-00C04F79EFBC}") = "TrainingTestApp.Android", "TrainingTestApp\TrainingTestApp.Android\TrainingTestApp.Android.csproj", "{87E0B46B-C037-40C8-AFB2-B57D23B8FD2E}"
EndProject
Project("{FAE04EC0-301F-11D3-BF4B-00C04F79EFBC}") = "TrainingTestApp.iOS", "TrainingTestApp\TrainingTestApp.iOS\TrainingTestApp.iOS.csproj", "{43B04127-8EA5-4A18-8416-0D1501CA67A2}"
EndProject
Project("{FAE04EC0-301F-11D3-BF4B-00C04F79EFBC}") = "TrainingTestApp.UWP", "TrainingTestApp\TrainingTestApp.UWP\TrainingTestApp.UWP.csproj", "{CFAC8FF0-7222-44F4-B5EA-946D4CE156FA}"
EndProject
Project("{9A19103F-16F7-4668-BE54-9A1E7A4F7556}") = "TrainingTestApp", "TrainingTestApp\TrainingTestApp\TrainingTestApp.csproj", "{979E2EB4-80B8-4462-8FB9-750EE8A7941F}"
EndProject
Global
	GlobalSection(SolutionConfigurationPlatforms) = preSolution
		Ad-Hoc|Any CPU = Ad-Hoc|Any CPU
		Ad-Hoc|ARM = Ad-Hoc|ARM
		Ad-Hoc|iPhone = Ad-Hoc|iPhone
		Ad-Hoc|iPhoneSimulator = Ad-Hoc|iPhoneSimulator
		Ad-Hoc|x64 = Ad-Hoc|x64
		Ad-Hoc|x86 = Ad-Hoc|x86
		AppStore|Any CPU = AppStore|Any CPU
		AppStore|ARM = AppStore|ARM
		AppStore|iPhone = AppStore|iPhone
		AppStore|iPhoneSimulator = AppStore|iPhoneSimulator
		AppStore|x64 = AppStore|x64
		AppStore|x86 = AppStore|x86
		Debug|Any CPU = Debug|Any CPU
		Debug|ARM = Debug|ARM
		Debug|iPhone = Debug|iPhone
		Debug|iPhoneSimulator = Debug|iPhoneSimulator
		Debug|x64 = Debug|x64
		Debug|x86 = Debug|x86
		Release|Any CPU = Release|Any CPU
		Release|ARM = Release|ARM
		Release|iPhone = Release|iPhone
		Release|iPhoneSimulator = Release|iPhoneSimulator
		Release|x64 = Release|x64
		Release|x86 = Release|x86
	EndGlobalSection
	GlobalSection(ProjectConfigurationPlatforms) = postSolution
		{87E0B46B-C037-40C8-AFB2-B57D23B8FD2E}.Ad-Hoc|Any CPU.ActiveCfg = Release|Any CPU
		{87E0B46B-C037-40C8-AFB2-B57D23B8FD2E}.Ad-Hoc|Any CPU.Build.0 = Release|Any CPU
		{87E0B46B-C037-40C8-AFB2-B57D23B8FD2E}.Ad-Hoc|Any CPU.Deploy.0 = Release|Any CPU
		{87E0B46B-C037-40C8-AFB2-B57D23B8FD2E}.Ad-Hoc|ARM.ActiveCfg = Release|Any CPU
		{87E0B46B-C037-40C8-AFB2-B57D23B8FD2E}.Ad-Hoc|ARM.Build.0 = Release|Any CPU
		{87E0B46B-C037-40C8-AFB2-B57D23B8FD2E}.Ad-Hoc|ARM.Deploy.0 = Release|Any CPU
		{87E0B46B-C037-40C8-AFB2-B57D23B8FD2E}.Ad-Hoc|iPhone.ActiveCfg = Release|Any CPU
		{87E0B46B-C037-40C8-AFB2-B57D23B8FD2E}.Ad-Hoc|iPhone.Build.0 = Release|Any CPU
		{87E0B46B-C037-40C8-AFB2-B57D23B8FD2E}.Ad-Hoc|iPhone.Deploy.0 = Release|Any CPU
		{87E0B46B-C037-40C8-AFB2-B57D23B8FD2E}.Ad-Hoc|iPhoneSimulator.ActiveCfg = Release|Any CPU
		{87E0B46B-C037-40C8-AFB2-B57D23B8FD2E}.Ad-Hoc|iPhoneSimulator.Build.0 = Release|Any CPU
		{87E0B46B-C037-40C8-AFB2-B57D23B8FD2E}.Ad-Hoc|iPhoneSimulator.Deploy.0 = Release|Any CPU
		{87E0B46B-C037-40C8-AFB2-B57D23B8FD2E}.Ad-Hoc|x64.ActiveCfg = Release|Any CPU
		{87E0B46B-C037-40C8-AFB2-B57D23B8FD2E}.Ad-Hoc|x64.Build.0 = Release|Any CPU
		{87E0B46B-C037-40C8-AFB2-B57D23B8FD2E}.Ad-Hoc|x64.Deploy.0 = Release|Any CPU
		{87E0B46B-C037-40C8-AFB2-B57D23B8FD2E}.Ad-Hoc|x86.ActiveCfg = Release|Any CPU
		{87E0B46B-C037-40C8-AFB2-B57D23B8FD2E}.Ad-Hoc|x86.Build.0 = Release|Any CPU
		{87E0B46B-C037-40C8-AFB2-B57D23B8FD2E}.Ad-Hoc|x86.Deploy.0 = Release|Any CPU
		{87E0B46B-C037-40C8-AFB2-B57D23B8FD2E}.AppStore|Any CPU.ActiveCfg = Release|Any CPU
		{87E0B46B-C037-40C8-AFB2-B57D23B8FD2E}.AppStore|Any CPU.Build.0 = Release|Any CPU
		{87E0B46B-C037-40C8-AFB2-B57D23B8FD2E}.AppStore|Any CPU.Deploy.0 = Release|Any CPU
		{87E0B46B-C037-40C8-AFB2-B57D23B8FD2E}.AppStore|ARM.ActiveCfg = Release|Any CPU
		{87E0B46B-C037-40C8-AFB2-B57D23B8FD2E}.AppStore|ARM.Build.0 = Release|Any CPU
		{87E0B46B-C037-40C8-AFB2-B57D23B8FD2E}.AppStore|ARM.Deploy.0 = Release|Any CPU
		{87E0B46B-C037-40C8-AFB2-B57D23B8FD2E}.AppStore|iPhone.ActiveCfg = Release|Any CPU
		{87E0B46B-C037-40C8-AFB2-B57D23B8FD2E}.AppStore|iPhone.Build.0 = Release|Any CPU
		{87E0B46B-C037-40C8-AFB2-B57D23B8FD2E}.AppStore|iPhone.Deploy.0 = Release|Any CPU
		{87E0B46B-C037-40C8-AFB2-B57D23B8FD2E}.AppStore|iPhoneSimulator.ActiveCfg = Release|Any CPU
		{87E0B46B-C037-40C8-AFB2-B57D23B8FD2E}.AppStore|iPhoneSimulator.Build.0 = Release|Any CPU
		{87E0B46B-C037-40C8-AFB2-B57D23B8FD2E}.AppStore|iPhoneSimulator.Deploy.0 = Release|Any CPU
		{87E0B46B-C037-40C8-AFB2-B57D23B8FD2E}.AppStore|x64.ActiveCfg = Release|Any CPU
		{87E0B46B-C037-40C8-AFB2-B57D23B8FD2E}.AppStore|x64.Build.0 = Release|Any CPU
		{87E0B46B-C037-40C8-AFB2-B57D23B8FD2E}.AppStore|x64.Deploy.0 = Release|Any CPU
		{87E0B46B-C037-40C8-AFB2-B57D23B8FD2E}.AppStore|x86.ActiveCfg = Release|Any CPU
		{87E0B46B-C037-40C8-AFB2-B57D23B8FD2E}.AppStore|x86.Build.0 = Release|Any CPU
		{87E0B46B-C037-40C8-AFB2-B57D23B8FD2E}.AppStore|x86.Deploy.0 = Release|Any CPU
		{87E0B46B-C037-40C8-AFB2-B57D23B8FD2E}.Debug|Any CPU.ActiveCfg = Debug|Any CPU
		{87E0B46B-C037-40C8-AFB2-B57D23B8FD2E}.Debug|Any CPU.Build.0 = Debug|Any CPU
		{87E0B46B-C037-40C8-AFB2-B57D23B8FD2E}.Debug|Any CPU.Deploy.0 = Debug|Any CPU
		{87E0B46B-C037-40C8-AFB2-B57D23B8FD2E}.Debug|ARM.ActiveCfg = Debug|Any CPU
		{87E0B46B-C037-40C8-AFB2-B57D23B8FD2E}.Debug|ARM.Build.0 = Debug|Any CPU
		{87E0B46B-C037-40C8-AFB2-B57D23B8FD2E}.Debug|ARM.Deploy.0 = Debug|Any CPU
		{87E0B46B-C037-40C8-AFB2-B57D23B8FD2E}.Debug|iPhone.ActiveCfg = Debug|Any CPU
		{87E0B46B-C037-40C8-AFB2-B57D23B8FD2E}.Debug|iPhone.Build.0 = Debug|Any CPU
		{87E0B46B-C037-40C8-AFB2-B57D23B8FD2E}.Debug|iPhone.Deploy.0 = Debug|Any CPU
		{87E0B46B-C037-40C8-AFB2-B57D23B8FD2E}.Debug|iPhoneSimulator.ActiveCfg = Debug|Any CPU
		{87E0B46B-C037-40C8-AFB2-B57D23B8FD2E}.Debug|iPhoneSimulator.Build.0 = Debug|Any CPU
		{87E0B46B-C037-40C8-AFB2-B57D23B8FD2E}.Debug|iPhoneSimulator.Deploy.0 = Debug|Any CPU
		{87E0B46B-C037-40C8-AFB2-B57D23B8FD2E}.Debug|x64.ActiveCfg = Debug|Any CPU
		{87E0B46B-C037-40C8-AFB2-B57D23B8FD2E}.Debug|x64.Build.0 = Debug|Any CPU
		{87E0B46B-C037-40C8-AFB2-B57D23B8FD2E}.Debug|x64.Deploy.0 = Debug|Any CPU
		{87E0B46B-C037-40C8-AFB2-B57D23B8FD2E}.Debug|x86.ActiveCfg = Debug|Any CPU
		{87E0B46B-C037-40C8-AFB2-B57D23B8FD2E}.Debug|x86.Build.0 = Debug|Any CPU
		{87E0B46B-C037-40C8-AFB2-B57D23B8FD2E}.Debug|x86.Deploy.0 = Debug|Any CPU
		{87E0B46B-C037-40C8-AFB2-B57D23B8FD2E}.Release|Any CPU.ActiveCfg = Release|Any CPU
		{87E0B46B-C037-40C8-AFB2-B57D23B8FD2E}.Release|Any CPU.Build.0 = Release|Any CPU
		{87E0B46B-C037-40C8-AFB2-B57D23B8FD2E}.Release|Any CPU.Deploy.0 = Release|Any CPU
		{87E0B46B-C037-40C8-AFB2-B57D23B8FD2E}.Release|ARM.ActiveCfg = Release|Any CPU
		{87E0B46B-C037-40C8-AFB2-B57D23B8FD2E}.Release|ARM.Build.0 = Release|Any CPU
		{87E0B46B-C037-40C8-AFB2-B57D23B8FD2E}.Release|ARM.Deploy.0 = Release|Any CPU
		{87E0B46B-C037-40C8-AFB2-B57D23B8FD2E}.Release|iPhone.ActiveCfg = Release|Any CPU
		{87E0B46B-C037-40C8-AFB2-B57D23B8FD2E}.Release|iPhone.Build.0 = Release|Any CPU
		{87E0B46B-C037-40C8-AFB2-B57D23B8FD2E}.Release|iPhone.Deploy.0 = Release|Any CPU
		{87E0B46B-C037-40C8-AFB2-B57D23B8FD2E}.Release|iPhoneSimulator.ActiveCfg = Release|Any CPU
		{87E0B46B-C037-40C8-AFB2-B57D23B8FD2E}.Release|iPhoneSimulator.Build.0 = Release|Any CPU
		{87E0B46B-C037-40C8-AFB2-B57D23B8FD2E}.Release|iPhoneSimulator.Deploy.0 = Release|Any CPU
		{87E0B46B-C037-40C8-AFB2-B57D23B8FD2E}.Release|x64.ActiveCfg = Release|Any CPU
		{87E0B46B-C037-40C8-AFB2-B57D23B8FD2E}.Release|x64.Build.0 = Release|Any CPU
		{87E0B46B-C037-40C8-AFB2-B57D23B8FD2E}.Release|x64.Deploy.0 = Release|Any CPU
		{87E0B46B-C037-40C8-AFB2-B57D23B8FD2E}.Release|x86.ActiveCfg = Release|Any CPU
		{87E0B46B-C037-40C8-AFB2-B57D23B8FD2E}.Release|x86.Build.0 = Release|Any CPU
		{87E0B46B-C037-40C8-AFB2-B57D23B8FD2E}.Release|x86.Deploy.0 = Release|Any CPU
		{43B04127-8EA5-4A18-8416-0D1501CA67A2}.Ad-Hoc|Any CPU.ActiveCfg = Ad-Hoc|iPhone
		{43B04127-8EA5-4A18-8416-0D1501CA67A2}.Ad-Hoc|ARM.ActiveCfg = Ad-Hoc|iPhone
		{43B04127-8EA5-4A18-8416-0D1501CA67A2}.Ad-Hoc|iPhone.ActiveCfg = Ad-Hoc|iPhone
		{43B04127-8EA5-4A18-8416-0D1501CA67A2}.Ad-Hoc|iPhone.Build.0 = Ad-Hoc|iPhone
		{43B04127-8EA5-4A18-8416-0D1501CA67A2}.Ad-Hoc|iPhoneSimulator.ActiveCfg = Ad-Hoc|iPhoneSimulator
		{43B04127-8EA5-4A18-8416-0D1501CA67A2}.Ad-Hoc|iPhoneSimulator.Build.0 = Ad-Hoc|iPhoneSimulator
		{43B04127-8EA5-4A18-8416-0D1501CA67A2}.Ad-Hoc|x64.ActiveCfg = Ad-Hoc|iPhone
		{43B04127-8EA5-4A18-8416-0D1501CA67A2}.Ad-Hoc|x86.ActiveCfg = Ad-Hoc|iPhone
		{43B04127-8EA5-4A18-8416-0D1501CA67A2}.AppStore|Any CPU.ActiveCfg = AppStore|iPhone
		{43B04127-8EA5-4A18-8416-0D1501CA67A2}.AppStore|ARM.ActiveCfg = AppStore|iPhone
		{43B04127-8EA5-4A18-8416-0D1501CA67A2}.AppStore|iPhone.ActiveCfg = AppStore|iPhone
		{43B04127-8EA5-4A18-8416-0D1501CA67A2}.AppStore|iPhone.Build.0 = AppStore|iPhone
		{43B04127-8EA5-4A18-8416-0D1501CA67A2}.AppStore|iPhoneSimulator.ActiveCfg = AppStore|iPhoneSimulator
		{43B04127-8EA5-4A18-8416-0D1501CA67A2}.AppStore|iPhoneSimulator.Build.0 = AppStore|iPhoneSimulator
		{43B04127-8EA5-4A18-8416-0D1501CA67A2}.AppStore|x64.ActiveCfg = AppStore|iPhone
		{43B04127-8EA5-4A18-8416-0D1501CA67A2}.AppStore|x86.ActiveCfg = AppStore|iPhone
		{43B04127-8EA5-4A18-8416-0D1501CA67A2}.Debug|Any CPU.ActiveCfg = Debug|iPhone
		{43B04127-8EA5-4A18-8416-0D1501CA67A2}.Debug|ARM.ActiveCfg = Debug|iPhone
		{43B04127-8EA5-4A18-8416-0D1501CA67A2}.Debug|iPhone.ActiveCfg = Debug|iPhone
		{43B04127-8EA5-4A18-8416-0D1501CA67A2}.Debug|iPhone.Build.0 = Debug|iPhone
		{43B04127-8EA5-4A18-8416-0D1501CA67A2}.Debug|iPhoneSimulator.ActiveCfg = Debug|iPhoneSimulator
		{43B04127-8EA5-4A18-8416-0D1501CA67A2}.Debug|iPhoneSimulator.Build.0 = Debug|iPhoneSimulator
		{43B04127-8EA5-4A18-8416-0D1501CA67A2}.Debug|x64.ActiveCfg = Debug|iPhone
		{43B04127-8EA5-4A18-8416-0D1501CA67A2}.Debug|x86.ActiveCfg = Debug|iPhone
		{43B04127-8EA5-4A18-8416-0D1501CA67A2}.Release|Any CPU.ActiveCfg = Release|iPhone
		{43B04127-8EA5-4A18-8416-0D1501CA67A2}.Release|ARM.ActiveCfg = Release|iPhone
		{43B04127-8EA5-4A18-8416-0D1501CA67A2}.Release|iPhone.ActiveCfg = Release|iPhone
		{43B04127-8EA5-4A18-8416-0D1501CA67A2}.Release|iPhone.Build.0 = Release|iPhone
		{43B04127-8EA5-4A18-8416-0D1501CA67A2}.Release|iPhoneSimulator.ActiveCfg = Release|iPhoneSimulator
		{43B04127-8EA5-4A18-8416-0D1501CA67A2}.Release|iPhoneSimulator.Build.0 = Release|iPhoneSimulator
		{43B04127-8EA5-4A18-8416-0D1501CA67A2}.Release|x64.ActiveCfg = Release|iPhone
		{43B04127-8EA5-4A18-8416-0D1501CA67A2}.Release|x86.ActiveCfg = Release|iPhone
		{CFAC8FF0-7222-44F4-B5EA-946D4CE156FA}.Ad-Hoc|Any CPU.ActiveCfg = Release|x86
		{CFAC8FF0-7222-44F4-B5EA-946D4CE156FA}.Ad-Hoc|Any CPU.Build.0 = Release|x86
		{CFAC8FF0-7222-44F4-B5EA-946D4CE156FA}.Ad-Hoc|Any CPU.Deploy.0 = Release|x86
		{CFAC8FF0-7222-44F4-B5EA-946D4CE156FA}.Ad-Hoc|ARM.ActiveCfg = Release|ARM
		{CFAC8FF0-7222-44F4-B5EA-946D4CE156FA}.Ad-Hoc|ARM.Build.0 = Release|ARM
		{CFAC8FF0-7222-44F4-B5EA-946D4CE156FA}.Ad-Hoc|ARM.Deploy.0 = Release|ARM
		{CFAC8FF0-7222-44F4-B5EA-946D4CE156FA}.Ad-Hoc|iPhone.ActiveCfg = Release|x86
		{CFAC8FF0-7222-44F4-B5EA-946D4CE156FA}.Ad-Hoc|iPhone.Build.0 = Release|x86
		{CFAC8FF0-7222-44F4-B5EA-946D4CE156FA}.Ad-Hoc|iPhone.Deploy.0 = Release|x86
		{CFAC8FF0-7222-44F4-B5EA-946D4CE156FA}.Ad-Hoc|iPhoneSimulator.ActiveCfg = Release|x86
		{CFAC8FF0-7222-44F4-B5EA-946D4CE156FA}.Ad-Hoc|iPhoneSimulator.Build.0 = Release|x86
		{CFAC8FF0-7222-44F4-B5EA-946D4CE156FA}.Ad-Hoc|iPhoneSimulator.Deploy.0 = Release|x86
		{CFAC8FF0-7222-44F4-B5EA-946D4CE156FA}.Ad-Hoc|x64.ActiveCfg = Release|x64
		{CFAC8FF0-7222-44F4-B5EA-946D4CE156FA}.Ad-Hoc|x64.Build.0 = Release|x64
		{CFAC8FF0-7222-44F4-B5EA-946D4CE156FA}.Ad-Hoc|x64.Deploy.0 = Release|x64
		{CFAC8FF0-7222-44F4-B5EA-946D4CE156FA}.Ad-Hoc|x86.ActiveCfg = Release|x86
		{CFAC8FF0-7222-44F4-B5EA-946D4CE156FA}.Ad-Hoc|x86.Build.0 = Release|x86
		{CFAC8FF0-7222-44F4-B5EA-946D4CE156FA}.Ad-Hoc|x86.Deploy.0 = Release|x86
		{CFAC8FF0-7222-44F4-B5EA-946D4CE156FA}.AppStore|Any CPU.ActiveCfg = Release|x86
		{CFAC8FF0-7222-44F4-B5EA-946D4CE156FA}.AppStore|Any CPU.Build.0 = Release|x86
		{CFAC8FF0-7222-44F4-B5EA-946D4CE156FA}.AppStore|Any CPU.Deploy.0 = Release|x86
		{CFAC8FF0-7222-44F4-B5EA-946D4CE156FA}.AppStore|ARM.ActiveCfg = Release|ARM
		{CFAC8FF0-7222-44F4-B5EA-946D4CE156FA}.AppStore|ARM.Build.0 = Release|ARM
		{CFAC8FF0-7222-44F4-B5EA-946D4CE156FA}.AppStore|ARM.Deploy.0 = Release|ARM
		{CFAC8FF0-7222-44F4-B5EA-946D4CE156FA}.AppStore|iPhone.ActiveCfg = Release|x86
		{CFAC8FF0-7222-44F4-B5EA-946D4CE156FA}.AppStore|iPhone.Build.0 = Release|x86
		{CFAC8FF0-7222-44F4-B5EA-946D4CE156FA}.AppStore|iPhone.Deploy.0 = Release|x86
		{CFAC8FF0-7222-44F4-B5EA-946D4CE156FA}.AppStore|iPhoneSimulator.ActiveCfg = Release|x86
		{CFAC8FF0-7222-44F4-B5EA-946D4CE156FA}.AppStore|iPhoneSimulator.Build.0 = Release|x86
		{CFAC8FF0-7222-44F4-B5EA-946D4CE156FA}.AppStore|iPhoneSimulator.Deploy.0 = Release|x86
		{CFAC8FF0-7222-44F4-B5EA-946D4CE156FA}.AppStore|x64.ActiveCfg = Release|x64
		{CFAC8FF0-7222-44F4-B5EA-946D4CE156FA}.AppStore|x64.Build.0 = Release|x64
		{CFAC8FF0-7222-44F4-B5EA-946D4CE156FA}.AppStore|x64.Deploy.0 = Release|x64
		{CFAC8FF0-7222-44F4-B5EA-946D4CE156FA}.AppStore|x86.ActiveCfg = Release|x86
		{CFAC8FF0-7222-44F4-B5EA-946D4CE156FA}.AppStore|x86.Build.0 = Release|x86
		{CFAC8FF0-7222-44F4-B5EA-946D4CE156FA}.AppStore|x86.Deploy.0 = Release|x86
		{CFAC8FF0-7222-44F4-B5EA-946D4CE156FA}.Debug|Any CPU.ActiveCfg = Debug|x86
		{CFAC8FF0-7222-44F4-B5EA-946D4CE156FA}.Debug|ARM.ActiveCfg = Debug|ARM
		{CFAC8FF0-7222-44F4-B5EA-946D4CE156FA}.Debug|ARM.Build.0 = Debug|ARM
		{CFAC8FF0-7222-44F4-B5EA-946D4CE156FA}.Debug|ARM.Deploy.0 = Debug|ARM
		{CFAC8FF0-7222-44F4-B5EA-946D4CE156FA}.Debug|iPhone.ActiveCfg = Debug|x86
		{CFAC8FF0-7222-44F4-B5EA-946D4CE156FA}.Debug|iPhoneSimulator.ActiveCfg = Debug|x86
		{CFAC8FF0-7222-44F4-B5EA-946D4CE156FA}.Debug|x64.ActiveCfg = Debug|x64
		{CFAC8FF0-7222-44F4-B5EA-946D4CE156FA}.Debug|x64.Build.0 = Debug|x64
		{CFAC8FF0-7222-44F4-B5EA-946D4CE156FA}.Debug|x64.Deploy.0 = Debug|x64
		{CFAC8FF0-7222-44F4-B5EA-946D4CE156FA}.Debug|x86.ActiveCfg = Debug|x86
		{CFAC8FF0-7222-44F4-B5EA-946D4CE156FA}.Debug|x86.Build.0 = Debug|x86
		{CFAC8FF0-7222-44F4-B5EA-946D4CE156FA}.Debug|x86.Deploy.0 = Debug|x86
		{CFAC8FF0-7222-44F4-B5EA-946D4CE156FA}.Release|Any CPU.ActiveCfg = Release|x86
		{CFAC8FF0-7222-44F4-B5EA-946D4CE156FA}.Release|ARM.ActiveCfg = Release|ARM
		{CFAC8FF0-7222-44F4-B5EA-946D4CE156FA}.Release|ARM.Build.0 = Release|ARM
		{CFAC8FF0-7222-44F4-B5EA-946D4CE156FA}.Release|ARM.Deploy.0 = Release|ARM
		{CFAC8FF0-7222-44F4-B5EA-946D4CE156FA}.Release|iPhone.ActiveCfg = Release|x86
		{CFAC8FF0-7222-44F4-B5EA-946D4CE156FA}.Release|iPhoneSimulator.ActiveCfg = Release|x86
		{CFAC8FF0-7222-44F4-B5EA-946D4CE156FA}.Release|x64.ActiveCfg = Release|x64
		{CFAC8FF0-7222-44F4-B5EA-946D4CE156FA}.Release|x64.Build.0 = Release|x64
		{CFAC8FF0-7222-44F4-B5EA-946D4CE156FA}.Release|x64.Deploy.0 = Release|x64
		{CFAC8FF0-7222-44F4-B5EA-946D4CE156FA}.Release|x86.ActiveCfg = Release|x86
		{CFAC8FF0-7222-44F4-B5EA-946D4CE156FA}.Release|x86.Build.0 = Release|x86
		{CFAC8FF0-7222-44F4-B5EA-946D4CE156FA}.Release|x86.Deploy.0 = Release|x86
		{979E2EB4-80B8-4462-8FB9-750EE8A7941F}.Ad-Hoc|Any CPU.ActiveCfg = Debug|Any CPU
		{979E2EB4-80B8-4462-8FB9-750EE8A7941F}.Ad-Hoc|Any CPU.Build.0 = Debug|Any CPU
		{979E2EB4-80B8-4462-8FB9-750EE8A7941F}.Ad-Hoc|ARM.ActiveCfg = Debug|Any CPU
		{979E2EB4-80B8-4462-8FB9-750EE8A7941F}.Ad-Hoc|ARM.Build.0 = Debug|Any CPU
		{979E2EB4-80B8-4462-8FB9-750EE8A7941F}.Ad-Hoc|iPhone.ActiveCfg = Debug|Any CPU
		{979E2EB4-80B8-4462-8FB9-750EE8A7941F}.Ad-Hoc|iPhone.Build.0 = Debug|Any CPU
		{979E2EB4-80B8-4462-8FB9-750EE8A7941F}.Ad-Hoc|iPhoneSimulator.ActiveCfg = Debug|Any CPU
		{979E2EB4-80B8-4462-8FB9-750EE8A7941F}.Ad-Hoc|iPhoneSimulator.Build.0 = Debug|Any CPU
		{979E2EB4-80B8-4462-8FB9-750EE8A7941F}.Ad-Hoc|x64.ActiveCfg = Debug|Any CPU
		{979E2EB4-80B8-4462-8FB9-750EE8A7941F}.Ad-Hoc|x64.Build.0 = Debug|Any CPU
		{979E2EB4-80B8-4462-8FB9-750EE8A7941F}.Ad-Hoc|x86.ActiveCfg = Debug|Any CPU
		{979E2EB4-80B8-4462-8FB9-750EE8A7941F}.Ad-Hoc|x86.Build.0 = Debug|Any CPU
		{979E2EB4-80B8-4462-8FB9-750EE8A7941F}.AppStore|Any CPU.ActiveCfg = Debug|Any CPU
		{979E2EB4-80B8-4462-8FB9-750EE8A7941F}.AppStore|Any CPU.Build.0 = Debug|Any CPU
		{979E2EB4-80B8-4462-8FB9-750EE8A7941F}.AppStore|ARM.ActiveCfg = Debug|Any CPU
		{979E2EB4-80B8-4462-8FB9-750EE8A7941F}.AppStore|ARM.Build.0 = Debug|Any CPU
		{979E2EB4-80B8-4462-8FB9-750EE8A7941F}.AppStore|iPhone.ActiveCfg = Debug|Any CPU
		{979E2EB4-80B8-4462-8FB9-750EE8A7941F}.AppStore|iPhone.Build.0 = Debug|Any CPU
		{979E2EB4-80B8-4462-8FB9-750EE8A7941F}.AppStore|iPhoneSimulator.ActiveCfg = Debug|Any CPU
		{979E2EB4-80B8-4462-8FB9-750EE8A7941F}.AppStore|iPhoneSimulator.Build.0 = Debug|Any CPU
		{979E2EB4-80B8-4462-8FB9-750EE8A7941F}.AppStore|x64.ActiveCfg = Debug|Any CPU
		{979E2EB4-80B8-4462-8FB9-750EE8A7941F}.AppStore|x64.Build.0 = Debug|Any CPU
		{979E2EB4-80B8-4462-8FB9-750EE8A7941F}.AppStore|x86.ActiveCfg = Debug|Any CPU
		{979E2EB4-80B8-4462-8FB9-750EE8A7941F}.AppStore|x86.Build.0 = Debug|Any CPU
		{979E2EB4-80B8-4462-8FB9-750EE8A7941F}.Debug|Any CPU.ActiveCfg = Debug|Any CPU
		{979E2EB4-80B8-4462-8FB9-750EE8A7941F}.Debug|Any CPU.Build.0 = Debug|Any CPU
		{979E2EB4-80B8-4462-8FB9-750EE8A7941F}.Debug|ARM.ActiveCfg = Debug|Any CPU
		{979E2EB4-80B8-4462-8FB9-750EE8A7941F}.Debug|ARM.Build.0 = Debug|Any CPU
		{979E2EB4-80B8-4462-8FB9-750EE8A7941F}.Debug|iPhone.ActiveCfg = Debug|Any CPU
		{979E2EB4-80B8-4462-8FB9-750EE8A7941F}.Debug|iPhone.Build.0 = Debug|Any CPU
		{979E2EB4-80B8-4462-8FB9-750EE8A7941F}.Debug|iPhoneSimulator.ActiveCfg = Debug|Any CPU
		{979E2EB4-80B8-4462-8FB9-750EE8A7941F}.Debug|iPhoneSimulator.Build.0 = Debug|Any CPU
		{979E2EB4-80B8-4462-8FB9-750EE8A7941F}.Debug|x64.ActiveCfg = Debug|Any CPU
		{979E2EB4-80B8-4462-8FB9-750EE8A7941F}.Debug|x64.Build.0 = Debug|Any CPU
		{979E2EB4-80B8-4462-8FB9-750EE8A7941F}.Debug|x86.ActiveCfg = Debug|Any CPU
		{979E2EB4-80B8-4462-8FB9-750EE8A7941F}.Debug|x86.Build.0 = Debug|Any CPU
		{979E2EB4-80B8-4462-8FB9-750EE8A7941F}.Release|Any CPU.ActiveCfg = Release|Any CPU
		{979E2EB4-80B8-4462-8FB9-750EE8A7941F}.Release|Any CPU.Build.0 = Release|Any CPU
		{979E2EB4-80B8-4462-8FB9-750EE8A7941F}.Release|ARM.ActiveCfg = Release|Any CPU
		{979E2EB4-80B8-4462-8FB9-750EE8A7941F}.Release|ARM.Build.0 = Release|Any CPU
		{979E2EB4-80B8-4462-8FB9-750EE8A7941F}.Release|iPhone.ActiveCfg = Release|Any CPU
		{979E2EB4-80B8-4462-8FB9-750EE8A7941F}.Release|iPhone.Build.0 = Release|Any CPU
		{979E2EB4-80B8-4462-8FB9-750EE8A7941F}.Release|iPhoneSimulator.ActiveCfg = Release|Any CPU
		{979E2EB4-80B8-4462-8FB9-750EE8A7941F}.Release|iPhoneSimulator.Build.0 = Release|Any CPU
		{979E2EB4-80B8-4462-8FB9-750EE8A7941F}.Release|x64.ActiveCfg = Release|Any CPU
		{979E2EB4-80B8-4462-8FB9-750EE8A7941F}.Release|x64.Build.0 = Release|Any CPU
		{979E2EB4-80B8-4462-8FB9-750EE8A7941F}.Release|x86.ActiveCfg = Release|Any CPU
		{979E2EB4-80B8-4462-8FB9-750EE8A7941F}.Release|x86.Build.0 = Release|Any CPU
	EndGlobalSection
	GlobalSection(SolutionProperties) = preSolution
		HideSolutionNode = FALSE
	EndGlobalSection
	GlobalSection(ExtensibilityGlobals) = postSolution
		SolutionGuid = {DD503DC3-347E-4C8E-A594-CD3FD29A350D}
	EndGlobalSection
EndGlobal
